// !$*UTF8*$!
{
	archiveVersion = 1;
	classes = {
	};
	objectVersion = 46;
	objects = {

/* Begin PBXBuildFile section */
		D66F1B201EABBD0B00033CF8 /* AppDelegate.swift in Sources */ = {isa = PBXBuildFile; fileRef = D66F1B1F1EABBD0B00033CF8 /* AppDelegate.swift */; };
		D66F1B221EABBD0B00033CF8 /* ViewController.swift in Sources */ = {isa = PBXBuildFile; fileRef = D66F1B211EABBD0B00033CF8 /* ViewController.swift */; };
		D66F1B251EABBD0C00033CF8 /* Main.storyboard in Resources */ = {isa = PBXBuildFile; fileRef = D66F1B231EABBD0C00033CF8 /* Main.storyboard */; };
		D66F1B281EABBD0C00033CF8 /* n5ctaApp.xcdatamodeld in Sources */ = {isa = PBXBuildFile; fileRef = D66F1B261EABBD0C00033CF8 /* n5ctaApp.xcdatamodeld */; };
		D66F1B2A1EABBD0C00033CF8 /* Assets.xcassets in Resources */ = {isa = PBXBuildFile; fileRef = D66F1B291EABBD0C00033CF8 /* Assets.xcassets */; };
		D66F1B2D1EABBD0C00033CF8 /* LaunchScreen.storyboard in Resources */ = {isa = PBXBuildFile; fileRef = D66F1B2B1EABBD0C00033CF8 /* LaunchScreen.storyboard */; };
/* End PBXBuildFile section */

/* Begin PBXFileReference section */
		D66F1B1C1EABBD0B00033CF8 /* n5ctaApp.app */ = {isa = PBXFileReference; explicitFileType = wrapper.application; includeInIndex = 0; path = n5ctaApp.app; sourceTree = BUILT_PRODUCTS_DIR; };
		D66F1B1F1EABBD0B00033CF8 /* AppDelegate.swift */ = {isa = PBXFileReference; lastKnownFileType = sourcecode.swift; path = AppDelegate.swift; sourceTree = "<group>"; };
		D66F1B211EABBD0B00033CF8 /* ViewController.swift */ = {isa = PBXFileReference; lastKnownFileType = sourcecode.swift; path = ViewController.swift; sourceTree = "<group>"; };
		D66F1B241EABBD0C00033CF8 /* Base */ = {isa = PBXFileReference; lastKnownFileType = file.storyboard; name = Base; path = Base.lproj/Main.storyboard; sourceTree = "<group>"; };
		D66F1B271EABBD0C00033CF8 /* n5ctaApp.xcdatamodel */ = {isa = PBXFileReference; lastKnownFileType = wrapper.xcdatamodel; path = n5ctaApp.xcdatamodel; sourceTree = "<group>"; };
		D66F1B291EABBD0C00033CF8 /* Assets.xcassets */ = {isa = PBXFileReference; lastKnownFileType = folder.assetcatalog; path = Assets.xcassets; sourceTree = "<group>"; };
		D66F1B2C1EABBD0C00033CF8 /* Base */ = {isa = PBXFileReference; lastKnownFileType = file.storyboard; name = Base; path = Base.lproj/LaunchScreen.storyboard; sourceTree = "<group>"; };
		D66F1B2E1EABBD0C00033CF8 /* Info.plist */ = {isa = PBXFileReference; lastKnownFileType = text.plist.xml; path = Info.plist; sourceTree = "<group>"; };
/* End PBXFileReference section */

/* Begin PBXFrameworksBuildPhase section */
		D66F1B191EABBD0B00033CF8 /* Frameworks */ = {
			isa = PBXFrameworksBuildPhase;
			buildActionMask = 2147483647;
			files = (
			);
			runOnlyForDeploymentPostprocessing = 0;
		};
/* End PBXFrameworksBuildPhase section */

/* Begin PBXGroup section */
		D66F1B131EABBD0B00033CF8 = {
			isa = PBXGroup;
			children = (
				D66F1B1E1EABBD0B00033CF8 /* n5ctaApp */,
				D66F1B1D1EABBD0B00033CF8 /* Products */,
			);
			sourceTree = "<group>";
		};
		D66F1B1D1EABBD0B00033CF8 /* Products */ = {
			isa = PBXGroup;
			children = (
				D66F1B1C1EABBD0B00033CF8 /* n5ctaApp.app */,
			);
			name = Products;
			sourceTree = "<group>";
		};
		D66F1B1E1EABBD0B00033CF8 /* n5ctaApp */ = {
			isa = PBXGroup;
			children = (
				D66F1B1F1EABBD0B00033CF8 /* AppDelegate.swift */,
				D66F1B211EABBD0B00033CF8 /* ViewController.swift */,
				D66F1B231EABBD0C00033CF8 /* Main.storyboard */,
				D66F1B291EABBD0C00033CF8 /* Assets.xcassets */,
				D66F1B2B1EABBD0C00033CF8 /* LaunchScreen.storyboard */,
				D66F1B2E1EABBD0C00033CF8 /* Info.plist */,
				D66F1B261EABBD0C00033CF8 /* n5ctaApp.xcdatamodeld */,
			);
			path = n5ctaApp;
			sourceTree = "<group>";
		};
/* End PBXGroup section */

/* Begin PBXNativeTarget section */
		D66F1B1B1EABBD0B00033CF8 /* n5ctaApp */ = {
			isa = PBXNativeTarget;
			buildConfigurationList = D66F1B311EABBD0C00033CF8 /* Build configuration list for PBXNativeTarget "n5ctaApp" */;
			buildPhases = (
				D66F1B181EABBD0B00033CF8 /* Sources */,
				D66F1B191EABBD0B00033CF8 /* Frameworks */,
				D66F1B1A1EABBD0B00033CF8 /* Resources */,
			);
			buildRules = (
			);
			dependencies = (
			);
			name = n5ctaApp;
			productName = n5ctaApp;
			productReference = D66F1B1C1EABBD0B00033CF8 /* n5ctaApp.app */;
			productType = "com.apple.product-type.application";
		};
/* End PBXNativeTarget section */

/* Begin PBXProject section */
		D66F1B141EABBD0B00033CF8 /* Project object */ = {
			isa = PBXProject;
			attributes = {
				LastSwiftUpdateCheck = 0800;
				LastUpgradeCheck = 0800;
				ORGANIZATIONNAME = "Maeve McCoy";
				TargetAttributes = {
					D66F1B1B1EABBD0B00033CF8 = {
						CreatedOnToolsVersion = 8.0;
						DevelopmentTeam = 654J8257GV;
						ProvisioningStyle = Automatic;
					};
				};
			};
			buildConfigurationList = D66F1B171EABBD0B00033CF8 /* Build configuration list for PBXProject "n5ctaApp" */;
			compatibilityVersion = "Xcode 3.2";
			developmentRegion = English;
			hasScannedForEncodings = 0;
			knownRegions = (
				en,
				Base,
			);
			mainGroup = D66F1B131EABBD0B00033CF8;
			productRefGroup = D66F1B1D1EABBD0B00033CF8 /* Products */;
			projectDirPath = "";
			projectRoot = "";
			targets = (
				D66F1B1B1EABBD0B00033CF8 /* n5ctaApp */,
			);
		};
/* End PBXProject section */

/* Begin PBXResourcesBuildPhase section */
		D66F1B1A1EABBD0B00033CF8 /* Resources */ = {
			isa = PBXResourcesBuildPhase;
			buildActionMask = 2147483647;
			files = (
				D66F1B2D1EABBD0C00033CF8 /* LaunchScreen.storyboard in Resources */,
				D66F1B2A1EABBD0C00033CF8 /* Assets.xcassets in Resources */,
				D66F1B251EABBD0C00033CF8 /* Main.storyboard in Resources */,
			);
			runOnlyForDeploymentPostprocessing = 0;
		};
/* End PBXResourcesBuildPhase section */

/* Begin PBXSourcesBuildPhase section */
		D66F1B181EABBD0B00033CF8 /* Sources */ = {
			isa = PBXSourcesBuildPhase;
			buildActionMask = 2147483647;
			files = (
				D66F1B221EABBD0B00033CF8 /* ViewController.swift in Sources */,
				D66F1B281EABBD0C00033CF8 /* n5ctaApp.xcdatamodeld in Sources */,
				D66F1B201EABBD0B00033CF8 /* AppDelegate.swift in Sources */,
			);
			runOnlyForDeploymentPostprocessing = 0;
		};
/* End PBXSourcesBuildPhase section */

/* Begin PBXVariantGroup section */
		D66F1B231EABBD0C00033CF8 /* Main.storyboard */ = {
			isa = PBXVariantGroup;
			children = (
				D66F1B241EABBD0C00033CF8 /* Base */,
			);
			name = Main.storyboard;
			sourceTree = "<group>";
		};
		D66F1B2B1EABBD0C00033CF8 /* LaunchScreen.storyboard */ = {
			isa = PBXVariantGroup;
			children = (
				D66F1B2C1EABBD0C00033CF8 /* Base */,
			);
			name = LaunchScreen.storyboard;
			sourceTree = "<group>";
		};
/* End PBXVariantGroup section */

/* Begin XCBuildConfiguration section */
		D66F1B2F1EABBD0C00033CF8 /* Debug */ = {
			isa = XCBuildConfiguration;
			buildSettings = {
				ALWAYS_SEARCH_USER_PATHS = NO;
				CLANG_ANALYZER_NONNULL = YES;
				CLANG_CXX_LANGUAGE_STANDARD = "gnu++0x";
				CLANG_CXX_LIBRARY = "libc++";
				CLANG_ENABLE_MODULES = YES;
				CLANG_ENABLE_OBJC_ARC = YES;
				CLANG_WARN_BOOL_CONVERSION = YES;
				CLANG_WARN_CONSTANT_CONVERSION = YES;
				CLANG_WARN_DIRECT_OBJC_ISA_USAGE = YES_ERROR;
				CLANG_WARN_DOCUMENTATION_COMMENTS = YES;
				CLANG_WARN_EMPTY_BODY = YES;
				CLANG_WARN_ENUM_CONVERSION = YES;
				CLANG_WARN_INFINITE_RECURSION = YES;
				CLANG_WARN_INT_CONVERSION = YES;
				CLANG_WARN_OBJC_ROOT_CLASS = YES_ERROR;
				CLANG_WARN_SUSPICIOUS_MOVES = YES;
				CLANG_WARN_UNREACHABLE_CODE = YES;
				CLANG_WARN__DUPLICATE_METHOD_MATCH = YES;
				"CODE_SIGN_IDENTITY[sdk=iphoneos*]" = "iPhone Developer";
				COPY_PHASE_STRIP = NO;
				DEBUG_INFORMATION_FORMAT = dwarf;
				ENABLE_STRICT_OBJC_MSGSEND = YES;
				ENABLE_TESTABILITY = YES;
				GCC_C_LANGUAGE_STANDARD = gnu99;
				GCC_DYNAMIC_NO_PIC = NO;
				GCC_NO_COMMON_BLOCKS = YES;
				GCC_OPTIMIZATION_LEVEL = 0;
				GCC_PREPROCESSOR_DEFINITIONS = (
					"DEBUG=1",
					"$(inherited)",
				);
				GCC_WARN_64_TO_32_BIT_CONVERSION = YES;
				GCC_WARN_ABOUT_RETURN_TYPE = YES_ERROR;
				GCC_WARN_UNDECLARED_SELECTOR = YES;
				GCC_WARN_UNINITIALIZED_AUTOS = YES_AGGRESSIVE;
				GCC_WARN_UNUSED_FUNCTION = YES;
				GCC_WARN_UNUSED_VARIABLE = YES;
				IPHONEOS_DEPLOYMENT_TARGET = 10.0;
				MTL_ENABLE_DEBUG_INFO = YES;
				ONLY_ACTIVE_ARCH = YES;
				SDKROOT = iphoneos;
				SWIFT_ACTIVE_COMPILATION_CONDITIONS = DEBUG;
				SWIFT_OPTIMIZATION_LEVEL = "-Onone";
				TARGETED_DEVICE_FAMILY = "1,2";
			};
			name = Debug;
		};
		D66F1B301EABBD0C00033CF8 /* Release */ = {
			isa = XCBuildConfiguration;
			buildSettings = {
				ALWAYS_SEARCH_USER_PATHS = NO;
				CLANG_ANALYZER_NONNULL = YES;
				CLANG_CXX_LANGUAGE_STANDARD = "gnu++0x";
				CLANG_CXX_LIBRARY = "libc++";
				CLANG_ENABLE_MODULES = YES;
				CLANG_ENABLE_OBJC_ARC = YES;
				CLANG_WARN_BOOL_CONVERSION = YES;
				CLANG_WARN_CONSTANT_CONVERSION = YES;
				CLANG_WARN_DIRECT_OBJC_ISA_USAGE = YES_ERROR;
				CLANG_WARN_DOCUMENTATION_COMMENTS = YES;
				CLANG_WARN_EMPTY_BODY = YES;
				CLANG_WARN_ENUM_CONVERSION = YES;
				CLANG_WARN_INFINITE_RECURSION = YES;
				CLANG_WARN_INT_CONVERSION = YES;
				CLANG_WARN_OBJC_ROOT_CLASS = YES_ERROR;
				CLANG_WARN_SUSPICIOUS_MOVES = YES;
				CLANG_WARN_UNREACHABLE_CODE = YES;
				CLANG_WARN__DUPLICATE_METHOD_MATCH = YES;
				"CODE_SIGN_IDENTITY[sdk=iphoneos*]" = "iPhone Developer";
				COPY_PHASE_STRIP = NO;
				DEBUG_INFORMATION_FORMAT = "dwarf-with-dsym";
				ENABLE_NS_ASSERTIONS = NO;
				ENABLE_STRICT_OBJC_MSGSEND = YES;
				GCC_C_LANGUAGE_STANDARD = gnu99;
				GCC_NO_COMMON_BLOCKS = YES;
				GCC_WARN_64_TO_32_BIT_CONVERSION = YES;
				GCC_WARN_ABOUT_RETURN_TYPE = YES_ERROR;
				GCC_WARN_UNDECLARED_SELECTOR = YES;
				GCC_WARN_UNINITIALIZED_AUTOS = YES_AGGRESSIVE;
				GCC_WARN_UNUSED_FUNCTION = YES;
				GCC_WARN_UNUSED_VARIABLE = YES;
				IPHONEOS_DEPLOYMENT_TARGET = 10.0;
				MTL_ENABLE_DEBUG_INFO = NO;
				SDKROOT = iphoneos;
				SWIFT_OPTIMIZATION_LEVEL = "-Owholemodule";
				TARGETED_DEVICE_FAMILY = "1,2";
				VALIDATE_PRODUCT = YES;
			};
			name = Release;
		};
		D66F1B321EABBD0C00033CF8 /* Debug */ = {
			isa = XCBuildConfiguration;
			buildSettings = {
				ASSETCATALOG_COMPILER_APPICON_NAME = AppIcon;
				DEVELOPMENT_TEAM = 654J8257GV;
				INFOPLIST_FILE = n5ctaApp/Info.plist;
				LD_RUNPATH_SEARCH_PATHS = "$(inherited) @executable_path/Frameworks";
				PRODUCT_BUNDLE_IDENTIFIER = MM.n5ctaApp;
				PRODUCT_NAME = "$(TARGET_NAME)";
				SWIFT_VERSION = 3.0;
			};
			name = Debug;
		};
		D66F1B331EABBD0C00033CF8 /* Release */ = {
			isa = XCBuildConfiguration;
			buildSettings = {
				ASSETCATALOG_COMPILER_APPICON_NAME = AppIcon;
				DEVELOPMENT_TEAM = 654J8257GV;
				INFOPLIST_FILE = n5ctaApp/Info.plist;
				LD_RUNPATH_SEARCH_PATHS = "$(inherited) @executable_path/Frameworks";
				PRODUCT_BUNDLE_IDENTIFIER = MM.n5ctaApp;
				PRODUCT_NAME = "$(TARGET_NAME)";
				SWIFT_VERSION = 3.0;
			};
			name = Release;
		};
/* End XCBuildConfiguration section */

/* Begin XCConfigurationList section */
		D66F1B171EABBD0B00033CF8 /* Build configuration list for PBXProject "n5ctaApp" */ = {
			isa = XCConfigurationList;
			buildConfigurations = (
				D66F1B2F1EABBD0C00033CF8 /* Debug */,
				D66F1B301EABBD0C00033CF8 /* Release */,
			);
			defaultConfigurationIsVisible = 0;
			defaultConfigurationName = Release;
		};
		D66F1B311EABBD0C00033CF8 /* Build configuration list for PBXNativeTarget "n5ctaApp" */ = {
			isa = XCConfigurationList;
			buildConfigurations = (
				D66F1B321EABBD0C00033CF8 /* Debug */,
				D66F1B331EABBD0C00033CF8 /* Release */,
			);
			defaultConfigurationIsVisible = 0;
		};
/* End XCConfigurationList section */

/* Begin XCVersionGroup section */
		D66F1B261EABBD0C00033CF8 /* n5ctaApp.xcdatamodeld */ = {
			isa = XCVersionGroup;
			children = (
				D66F1B271EABBD0C00033CF8 /* n5ctaApp.xcdatamodel */,
			);
			currentVersion = D66F1B271EABBD0C00033CF8 /* n5ctaApp.xcdatamodel */;
			path = n5ctaApp.xcdatamodeld;
			sourceTree = "<group>";
			versionGroupType = wrapper.xcdatamodel;
		};
/* End XCVersionGroup section */
	};
	rootObject = D66F1B141EABBD0B00033CF8 /* Project object */;
}
